// !$*UTF8*$!
{
	archiveVersion = 1;
	classes = {
	};
	objectVersion = 56;
	objects = {

/* Begin PBXBuildFile section */
		34F298AD2B3A4960006B0D85 /* AppDelegate.swift in Sources */ = {isa = PBXBuildFile; fileRef = 34F298AC2B3A4960006B0D85 /* AppDelegate.swift */; };
		34F298AF2B3A4960006B0D85 /* SceneDelegate.swift in Sources */ = {isa = PBXBuildFile; fileRef = 34F298AE2B3A4960006B0D85 /* SceneDelegate.swift */; };
		34F298B22B3A4960006B0D85 /* LaunchScreen.storyboard in Resources */ = {isa = PBXBuildFile; fileRef = 34F298B02B3A4960006B0D85 /* LaunchScreen.storyboard */; };
		34F298B52B3A4960006B0D85 /* Main.storyboard in Resources */ = {isa = PBXBuildFile; fileRef = 34F298B32B3A4960006B0D85 /* Main.storyboard */; };
		34F298BE2B3A4960006B0D85 /* AppDelegate.swift in Sources */ = {isa = PBXBuildFile; fileRef = 34F298BD2B3A4960006B0D85 /* AppDelegate.swift */; };
		34F298C12B3A4960006B0D85 /* Main.storyboard in Resources */ = {isa = PBXBuildFile; fileRef = 34F298BF2B3A4960006B0D85 /* Main.storyboard */; };
		34F298C92B3A4960006B0D85 /* DocsAfterDark Extension.appex in Embed Foundation Extensions */ = {isa = PBXBuildFile; fileRef = 34F298C82B3A4960006B0D85 /* DocsAfterDark Extension.appex */; settings = {ATTRIBUTES = (RemoveHeadersOnCopy, ); }; };
		34F298D32B3A4960006B0D85 /* DocsAfterDark Extension.appex in Embed Foundation Extensions */ = {isa = PBXBuildFile; fileRef = 34F298D22B3A4960006B0D85 /* DocsAfterDark Extension.appex */; settings = {ATTRIBUTES = (RemoveHeadersOnCopy, ); }; };
		34F298D92B3A4960006B0D85 /* Main.html in Resources */ = {isa = PBXBuildFile; fileRef = 34F2989C2B3A495F006B0D85 /* Main.html */; };
		34F298DA2B3A4960006B0D85 /* Main.html in Resources */ = {isa = PBXBuildFile; fileRef = 34F2989C2B3A495F006B0D85 /* Main.html */; };
		34F298DB2B3A4960006B0D85 /* Icon.png in Resources */ = {isa = PBXBuildFile; fileRef = 34F2989E2B3A495F006B0D85 /* Icon.png */; };
		34F298DC2B3A4960006B0D85 /* Icon.png in Resources */ = {isa = PBXBuildFile; fileRef = 34F2989E2B3A495F006B0D85 /* Icon.png */; };
		34F298DD2B3A4960006B0D85 /* Style.css in Resources */ = {isa = PBXBuildFile; fileRef = 34F2989F2B3A495F006B0D85 /* Style.css */; };
		34F298DE2B3A4960006B0D85 /* Style.css in Resources */ = {isa = PBXBuildFile; fileRef = 34F2989F2B3A495F006B0D85 /* Style.css */; };
		34F298DF2B3A4960006B0D85 /* Script.js in Resources */ = {isa = PBXBuildFile; fileRef = 34F298A02B3A495F006B0D85 /* Script.js */; };
		34F298E02B3A4960006B0D85 /* Script.js in Resources */ = {isa = PBXBuildFile; fileRef = 34F298A02B3A495F006B0D85 /* Script.js */; };
		34F298E12B3A4960006B0D85 /* ViewController.swift in Sources */ = {isa = PBXBuildFile; fileRef = 34F298A12B3A495F006B0D85 /* ViewController.swift */; };
		34F298E22B3A4960006B0D85 /* ViewController.swift in Sources */ = {isa = PBXBuildFile; fileRef = 34F298A12B3A495F006B0D85 /* ViewController.swift */; };
		34F298E32B3A4960006B0D85 /* Assets.xcassets in Resources */ = {isa = PBXBuildFile; fileRef = 34F298A22B3A4960006B0D85 /* Assets.xcassets */; };
		34F298E42B3A4960006B0D85 /* Assets.xcassets in Resources */ = {isa = PBXBuildFile; fileRef = 34F298A22B3A4960006B0D85 /* Assets.xcassets */; };
		34F298E52B3A4960006B0D85 /* SafariWebExtensionHandler.swift in Sources */ = {isa = PBXBuildFile; fileRef = 34F298A42B3A4960006B0D85 /* SafariWebExtensionHandler.swift */; };
		34F298E62B3A4960006B0D85 /* SafariWebExtensionHandler.swift in Sources */ = {isa = PBXBuildFile; fileRef = 34F298A42B3A4960006B0D85 /* SafariWebExtensionHandler.swift */; };
		34F299032B3A4960006B0D85 /* dad48.png in Resources */ = {isa = PBXBuildFile; fileRef = 34F298F82B3A4960006B0D85 /* dad48.png */; };
		34F299042B3A4960006B0D85 /* popup.js in Resources */ = {isa = PBXBuildFile; fileRef = 34F298F92B3A4960006B0D85 /* popup.js */; };
		34F299052B3A4960006B0D85 /* popup.html in Resources */ = {isa = PBXBuildFile; fileRef = 34F298FA2B3A4960006B0D85 /* popup.html */; };
		34F299062B3A4960006B0D85 /* dad16.png in Resources */ = {isa = PBXBuildFile; fileRef = 34F298FB2B3A4960006B0D85 /* dad16.png */; };
		34F299072B3A4960006B0D85 /* default.css in Resources */ = {isa = PBXBuildFile; fileRef = 34F298FC2B3A4960006B0D85 /* default.css */; };
		34F299082B3A4960006B0D85 /* manifest.json in Resources */ = {isa = PBXBuildFile; fileRef = 34F298FD2B3A4960006B0D85 /* manifest.json */; };
		34F299092B3A4960006B0D85 /* word.js in Resources */ = {isa = PBXBuildFile; fileRef = 34F298FE2B3A4960006B0D85 /* word.js */; };
		34F2990A2B3A4960006B0D85 /* dad128.png in Resources */ = {isa = PBXBuildFile; fileRef = 34F298FF2B3A4960006B0D85 /* dad128.png */; };
		34F2990B2B3A4960006B0D85 /* popup.css in Resources */ = {isa = PBXBuildFile; fileRef = 34F299002B3A4960006B0D85 /* popup.css */; };
		34F2990C2B3A4960006B0D85 /* assets in Resources */ = {isa = PBXBuildFile; fileRef = 34F299012B3A4960006B0D85 /* assets */; };
		34F2990D2B3A4960006B0D85 /* docs.css in Resources */ = {isa = PBXBuildFile; fileRef = 34F299022B3A4960006B0D85 /* docs.css */; };
		34F2990E2B3A4960006B0D85 /* dad48.png in Resources */ = {isa = PBXBuildFile; fileRef = 34F298F82B3A4960006B0D85 /* dad48.png */; };
		34F2990F2B3A4960006B0D85 /* popup.js in Resources */ = {isa = PBXBuildFile; fileRef = 34F298F92B3A4960006B0D85 /* popup.js */; };
		34F299102B3A4960006B0D85 /* popup.html in Resources */ = {isa = PBXBuildFile; fileRef = 34F298FA2B3A4960006B0D85 /* popup.html */; };
		34F299112B3A4960006B0D85 /* dad16.png in Resources */ = {isa = PBXBuildFile; fileRef = 34F298FB2B3A4960006B0D85 /* dad16.png */; };
		34F299122B3A4960006B0D85 /* default.css in Resources */ = {isa = PBXBuildFile; fileRef = 34F298FC2B3A4960006B0D85 /* default.css */; };
		34F299132B3A4960006B0D85 /* manifest.json in Resources */ = {isa = PBXBuildFile; fileRef = 34F298FD2B3A4960006B0D85 /* manifest.json */; };
		34F299142B3A4960006B0D85 /* word.js in Resources */ = {isa = PBXBuildFile; fileRef = 34F298FE2B3A4960006B0D85 /* word.js */; };
		34F299152B3A4960006B0D85 /* dad128.png in Resources */ = {isa = PBXBuildFile; fileRef = 34F298FF2B3A4960006B0D85 /* dad128.png */; };
		34F299162B3A4960006B0D85 /* popup.css in Resources */ = {isa = PBXBuildFile; fileRef = 34F299002B3A4960006B0D85 /* popup.css */; };
		34F299172B3A4960006B0D85 /* assets in Resources */ = {isa = PBXBuildFile; fileRef = 34F299012B3A4960006B0D85 /* assets */; };
		34F299182B3A4960006B0D85 /* docs.css in Resources */ = {isa = PBXBuildFile; fileRef = 34F299022B3A4960006B0D85 /* docs.css */; };
/* End PBXBuildFile section */

/* Begin PBXContainerItemProxy section */
		34F298CA2B3A4960006B0D85 /* PBXContainerItemProxy */ = {
			isa = PBXContainerItemProxy;
			containerPortal = 34F298962B3A495F006B0D85 /* Project object */;
			proxyType = 1;
			remoteGlobalIDString = 34F298C72B3A4960006B0D85;
			remoteInfo = "DocsAfterDark Extension (iOS)";
		};
		34F298D42B3A4960006B0D85 /* PBXContainerItemProxy */ = {
			isa = PBXContainerItemProxy;
			containerPortal = 34F298962B3A495F006B0D85 /* Project object */;
			proxyType = 1;
			remoteGlobalIDString = 34F298D12B3A4960006B0D85;
			remoteInfo = "DocsAfterDark Extension (macOS)";
		};
/* End PBXContainerItemProxy section */

/* Begin PBXCopyFilesBuildPhase section */
		34F298EC2B3A4960006B0D85 /* Embed Foundation Extensions */ = {
			isa = PBXCopyFilesBuildPhase;
			buildActionMask = 2147483647;
			dstPath = "";
			dstSubfolderSpec = 13;
			files = (
				34F298C92B3A4960006B0D85 /* DocsAfterDark Extension.appex in Embed Foundation Extensions */,
			);
			name = "Embed Foundation Extensions";
			runOnlyForDeploymentPostprocessing = 0;
		};
		34F298F32B3A4960006B0D85 /* Embed Foundation Extensions */ = {
			isa = PBXCopyFilesBuildPhase;
			buildActionMask = 2147483647;
			dstPath = "";
			dstSubfolderSpec = 13;
			files = (
				34F298D32B3A4960006B0D85 /* DocsAfterDark Extension.appex in Embed Foundation Extensions */,
			);
			name = "Embed Foundation Extensions";
			runOnlyForDeploymentPostprocessing = 0;
		};
/* End PBXCopyFilesBuildPhase section */

/* Begin PBXFileReference section */
		34F2989D2B3A495F006B0D85 /* Base */ = {isa = PBXFileReference; lastKnownFileType = text.html; name = Base; path = ../Base.lproj/Main.html; sourceTree = "<group>"; };
		34F2989E2B3A495F006B0D85 /* Icon.png */ = {isa = PBXFileReference; lastKnownFileType = image.png; path = Icon.png; sourceTree = "<group>"; };
		34F2989F2B3A495F006B0D85 /* Style.css */ = {isa = PBXFileReference; lastKnownFileType = text.css; path = Style.css; sourceTree = "<group>"; };
		34F298A02B3A495F006B0D85 /* Script.js */ = {isa = PBXFileReference; lastKnownFileType = sourcecode.javascript; path = Script.js; sourceTree = "<group>"; };
		34F298A12B3A495F006B0D85 /* ViewController.swift */ = {isa = PBXFileReference; lastKnownFileType = sourcecode.swift; path = ViewController.swift; sourceTree = "<group>"; };
		34F298A22B3A4960006B0D85 /* Assets.xcassets */ = {isa = PBXFileReference; lastKnownFileType = folder.assetcatalog; path = Assets.xcassets; sourceTree = "<group>"; };
		34F298A42B3A4960006B0D85 /* SafariWebExtensionHandler.swift */ = {isa = PBXFileReference; lastKnownFileType = sourcecode.swift; path = SafariWebExtensionHandler.swift; sourceTree = "<group>"; };
		34F298A92B3A4960006B0D85 /* DocsAfterDark.app */ = {isa = PBXFileReference; explicitFileType = wrapper.application; includeInIndex = 0; path = DocsAfterDark.app; sourceTree = BUILT_PRODUCTS_DIR; };
		34F298AC2B3A4960006B0D85 /* AppDelegate.swift */ = {isa = PBXFileReference; lastKnownFileType = sourcecode.swift; path = AppDelegate.swift; sourceTree = "<group>"; };
		34F298AE2B3A4960006B0D85 /* SceneDelegate.swift */ = {isa = PBXFileReference; lastKnownFileType = sourcecode.swift; path = SceneDelegate.swift; sourceTree = "<group>"; };
		34F298B12B3A4960006B0D85 /* Base */ = {isa = PBXFileReference; lastKnownFileType = file.storyboard; name = Base; path = Base.lproj/LaunchScreen.storyboard; sourceTree = "<group>"; };
		34F298B42B3A4960006B0D85 /* Base */ = {isa = PBXFileReference; lastKnownFileType = file.storyboard; name = Base; path = Base.lproj/Main.storyboard; sourceTree = "<group>"; };
		34F298B62B3A4960006B0D85 /* Info.plist */ = {isa = PBXFileReference; lastKnownFileType = text.plist.xml; path = Info.plist; sourceTree = "<group>"; };
		34F298BB2B3A4960006B0D85 /* DocsAfterDark.app */ = {isa = PBXFileReference; explicitFileType = wrapper.application; includeInIndex = 0; path = DocsAfterDark.app; sourceTree = BUILT_PRODUCTS_DIR; };
		34F298BD2B3A4960006B0D85 /* AppDelegate.swift */ = {isa = PBXFileReference; lastKnownFileType = sourcecode.swift; path = AppDelegate.swift; sourceTree = "<group>"; };
		34F298C02B3A4960006B0D85 /* Base */ = {isa = PBXFileReference; lastKnownFileType = file.storyboard; name = Base; path = Base.lproj/Main.storyboard; sourceTree = "<group>"; };
		34F298C22B3A4960006B0D85 /* Info.plist */ = {isa = PBXFileReference; lastKnownFileType = text.plist.xml; path = Info.plist; sourceTree = "<group>"; };
		34F298C32B3A4960006B0D85 /* DocsAfterDark.entitlements */ = {isa = PBXFileReference; lastKnownFileType = text.plist.entitlements; path = DocsAfterDark.entitlements; sourceTree = "<group>"; };
		34F298C82B3A4960006B0D85 /* DocsAfterDark Extension.appex */ = {isa = PBXFileReference; explicitFileType = "wrapper.app-extension"; includeInIndex = 0; path = "DocsAfterDark Extension.appex"; sourceTree = BUILT_PRODUCTS_DIR; };
		34F298CD2B3A4960006B0D85 /* Info.plist */ = {isa = PBXFileReference; lastKnownFileType = text.plist.xml; path = Info.plist; sourceTree = "<group>"; };
		34F298D22B3A4960006B0D85 /* DocsAfterDark Extension.appex */ = {isa = PBXFileReference; explicitFileType = "wrapper.app-extension"; includeInIndex = 0; path = "DocsAfterDark Extension.appex"; sourceTree = BUILT_PRODUCTS_DIR; };
		34F298D72B3A4960006B0D85 /* Info.plist */ = {isa = PBXFileReference; lastKnownFileType = text.plist.xml; path = Info.plist; sourceTree = "<group>"; };
		34F298D82B3A4960006B0D85 /* DocsAfterDark.entitlements */ = {isa = PBXFileReference; lastKnownFileType = text.plist.entitlements; path = DocsAfterDark.entitlements; sourceTree = "<group>"; };
		34F298F82B3A4960006B0D85 /* dad48.png */ = {isa = PBXFileReference; lastKnownFileType = image.png; name = dad48.png; path = ../../chrome/dad48.png; sourceTree = "<group>"; };
		34F298F92B3A4960006B0D85 /* popup.js */ = {isa = PBXFileReference; lastKnownFileType = sourcecode.javascript; name = popup.js; path = ../../chrome/popup.js; sourceTree = "<group>"; };
		34F298FA2B3A4960006B0D85 /* popup.html */ = {isa = PBXFileReference; lastKnownFileType = text.html; name = popup.html; path = ../../chrome/popup.html; sourceTree = "<group>"; };
		34F298FB2B3A4960006B0D85 /* dad16.png */ = {isa = PBXFileReference; lastKnownFileType = image.png; name = dad16.png; path = ../../chrome/dad16.png; sourceTree = "<group>"; };
		34F298FC2B3A4960006B0D85 /* default.css */ = {isa = PBXFileReference; lastKnownFileType = text.css; name = default.css; path = ../../chrome/default.css; sourceTree = "<group>"; };
		34F298FD2B3A4960006B0D85 /* manifest.json */ = {isa = PBXFileReference; lastKnownFileType = text.json; name = manifest.json; path = ../../chrome/manifest.json; sourceTree = "<group>"; };
		34F298FE2B3A4960006B0D85 /* word.js */ = {isa = PBXFileReference; lastKnownFileType = sourcecode.javascript; name = word.js; path = ../../chrome/word.js; sourceTree = "<group>"; };
		34F298FF2B3A4960006B0D85 /* dad128.png */ = {isa = PBXFileReference; lastKnownFileType = image.png; name = dad128.png; path = ../../chrome/dad128.png; sourceTree = "<group>"; };
		34F299002B3A4960006B0D85 /* popup.css */ = {isa = PBXFileReference; lastKnownFileType = text.css; name = popup.css; path = ../../chrome/popup.css; sourceTree = "<group>"; };
		34F299012B3A4960006B0D85 /* assets */ = {isa = PBXFileReference; lastKnownFileType = folder; name = assets; path = ../../chrome/assets; sourceTree = "<group>"; };
		34F299022B3A4960006B0D85 /* docs.css */ = {isa = PBXFileReference; lastKnownFileType = text.css; name = docs.css; path = ../../chrome/docs.css; sourceTree = "<group>"; };
/* End PBXFileReference section */

/* Begin PBXFrameworksBuildPhase section */
		34F298A62B3A4960006B0D85 /* Frameworks */ = {
			isa = PBXFrameworksBuildPhase;
			buildActionMask = 2147483647;
			files = (
			);
			runOnlyForDeploymentPostprocessing = 0;
		};
		34F298B82B3A4960006B0D85 /* Frameworks */ = {
			isa = PBXFrameworksBuildPhase;
			buildActionMask = 2147483647;
			files = (
			);
			runOnlyForDeploymentPostprocessing = 0;
		};
		34F298C52B3A4960006B0D85 /* Frameworks */ = {
			isa = PBXFrameworksBuildPhase;
			buildActionMask = 2147483647;
			files = (
			);
			runOnlyForDeploymentPostprocessing = 0;
		};
		34F298CF2B3A4960006B0D85 /* Frameworks */ = {
			isa = PBXFrameworksBuildPhase;
			buildActionMask = 2147483647;
			files = (
			);
			runOnlyForDeploymentPostprocessing = 0;
		};
/* End PBXFrameworksBuildPhase section */

/* Begin PBXGroup section */
		34F298952B3A495F006B0D85 = {
			isa = PBXGroup;
			children = (
				34F2989A2B3A495F006B0D85 /* Shared (App) */,
				34F298A32B3A4960006B0D85 /* Shared (Extension) */,
				34F298AB2B3A4960006B0D85 /* iOS (App) */,
				34F298BC2B3A4960006B0D85 /* macOS (App) */,
				34F298CC2B3A4960006B0D85 /* iOS (Extension) */,
				34F298D62B3A4960006B0D85 /* macOS (Extension) */,
				34F298AA2B3A4960006B0D85 /* Products */,
			);
			sourceTree = "<group>";
		};
		34F2989A2B3A495F006B0D85 /* Shared (App) */ = {
			isa = PBXGroup;
			children = (
				34F298A12B3A495F006B0D85 /* ViewController.swift */,
				34F298A22B3A4960006B0D85 /* Assets.xcassets */,
				34F2989B2B3A495F006B0D85 /* Resources */,
			);
			path = "Shared (App)";
			sourceTree = "<group>";
		};
		34F2989B2B3A495F006B0D85 /* Resources */ = {
			isa = PBXGroup;
			children = (
				34F2989C2B3A495F006B0D85 /* Main.html */,
				34F2989E2B3A495F006B0D85 /* Icon.png */,
				34F2989F2B3A495F006B0D85 /* Style.css */,
				34F298A02B3A495F006B0D85 /* Script.js */,
			);
			path = Resources;
			sourceTree = "<group>";
		};
		34F298A32B3A4960006B0D85 /* Shared (Extension) */ = {
			isa = PBXGroup;
			children = (
				34F298F72B3A4960006B0D85 /* Resources */,
				34F298A42B3A4960006B0D85 /* SafariWebExtensionHandler.swift */,
			);
			path = "Shared (Extension)";
			sourceTree = "<group>";
		};
		34F298AA2B3A4960006B0D85 /* Products */ = {
			isa = PBXGroup;
			children = (
				34F298A92B3A4960006B0D85 /* DocsAfterDark.app */,
				34F298BB2B3A4960006B0D85 /* DocsAfterDark.app */,
				34F298C82B3A4960006B0D85 /* DocsAfterDark Extension.appex */,
				34F298D22B3A4960006B0D85 /* DocsAfterDark Extension.appex */,
			);
			name = Products;
			sourceTree = "<group>";
		};
		34F298AB2B3A4960006B0D85 /* iOS (App) */ = {
			isa = PBXGroup;
			children = (
				34F298AC2B3A4960006B0D85 /* AppDelegate.swift */,
				34F298AE2B3A4960006B0D85 /* SceneDelegate.swift */,
				34F298B02B3A4960006B0D85 /* LaunchScreen.storyboard */,
				34F298B32B3A4960006B0D85 /* Main.storyboard */,
				34F298B62B3A4960006B0D85 /* Info.plist */,
			);
			path = "iOS (App)";
			sourceTree = "<group>";
		};
		34F298BC2B3A4960006B0D85 /* macOS (App) */ = {
			isa = PBXGroup;
			children = (
				34F298BD2B3A4960006B0D85 /* AppDelegate.swift */,
				34F298BF2B3A4960006B0D85 /* Main.storyboard */,
				34F298C22B3A4960006B0D85 /* Info.plist */,
				34F298C32B3A4960006B0D85 /* DocsAfterDark.entitlements */,
			);
			path = "macOS (App)";
			sourceTree = "<group>";
		};
		34F298CC2B3A4960006B0D85 /* iOS (Extension) */ = {
			isa = PBXGroup;
			children = (
				34F298CD2B3A4960006B0D85 /* Info.plist */,
			);
			path = "iOS (Extension)";
			sourceTree = "<group>";
		};
		34F298D62B3A4960006B0D85 /* macOS (Extension) */ = {
			isa = PBXGroup;
			children = (
				34F298D72B3A4960006B0D85 /* Info.plist */,
				34F298D82B3A4960006B0D85 /* DocsAfterDark.entitlements */,
			);
			path = "macOS (Extension)";
			sourceTree = "<group>";
		};
		34F298F72B3A4960006B0D85 /* Resources */ = {
			isa = PBXGroup;
			children = (
				34F298F82B3A4960006B0D85 /* dad48.png */,
				34F298F92B3A4960006B0D85 /* popup.js */,
				34F298FA2B3A4960006B0D85 /* popup.html */,
				34F298FB2B3A4960006B0D85 /* dad16.png */,
				34F298FC2B3A4960006B0D85 /* default.css */,
				34F298FD2B3A4960006B0D85 /* manifest.json */,
				34F298FE2B3A4960006B0D85 /* word.js */,
				34F298FF2B3A4960006B0D85 /* dad128.png */,
				34F299002B3A4960006B0D85 /* popup.css */,
				34F299012B3A4960006B0D85 /* assets */,
				34F299022B3A4960006B0D85 /* docs.css */,
			);
			name = Resources;
			path = "Shared (Extension)";
			sourceTree = SOURCE_ROOT;
		};
/* End PBXGroup section */

/* Begin PBXNativeTarget section */
		34F298A82B3A4960006B0D85 /* DocsAfterDark (iOS) */ = {
			isa = PBXNativeTarget;
			buildConfigurationList = 34F298ED2B3A4960006B0D85 /* Build configuration list for PBXNativeTarget "DocsAfterDark (iOS)" */;
			buildPhases = (
				34F298A52B3A4960006B0D85 /* Sources */,
				34F298A62B3A4960006B0D85 /* Frameworks */,
				34F298A72B3A4960006B0D85 /* Resources */,
				34F298EC2B3A4960006B0D85 /* Embed Foundation Extensions */,
			);
			buildRules = (
			);
			dependencies = (
				34F298CB2B3A4960006B0D85 /* PBXTargetDependency */,
			);
			name = "DocsAfterDark (iOS)";
			productName = "DocsAfterDark (iOS)";
			productReference = 34F298A92B3A4960006B0D85 /* DocsAfterDark.app */;
			productType = "com.apple.product-type.application";
		};
		34F298BA2B3A4960006B0D85 /* DocsAfterDark (macOS) */ = {
			isa = PBXNativeTarget;
			buildConfigurationList = 34F298F42B3A4960006B0D85 /* Build configuration list for PBXNativeTarget "DocsAfterDark (macOS)" */;
			buildPhases = (
				34F298B72B3A4960006B0D85 /* Sources */,
				34F298B82B3A4960006B0D85 /* Frameworks */,
				34F298B92B3A4960006B0D85 /* Resources */,
				34F298F32B3A4960006B0D85 /* Embed Foundation Extensions */,
			);
			buildRules = (
			);
			dependencies = (
				34F298D52B3A4960006B0D85 /* PBXTargetDependency */,
			);
			name = "DocsAfterDark (macOS)";
			productName = "DocsAfterDark (macOS)";
			productReference = 34F298BB2B3A4960006B0D85 /* DocsAfterDark.app */;
			productType = "com.apple.product-type.application";
		};
		34F298C72B3A4960006B0D85 /* DocsAfterDark Extension (iOS) */ = {
			isa = PBXNativeTarget;
			buildConfigurationList = 34F298E92B3A4960006B0D85 /* Build configuration list for PBXNativeTarget "DocsAfterDark Extension (iOS)" */;
			buildPhases = (
				34F298C42B3A4960006B0D85 /* Sources */,
				34F298C52B3A4960006B0D85 /* Frameworks */,
				34F298C62B3A4960006B0D85 /* Resources */,
			);
			buildRules = (
			);
			dependencies = (
			);
			name = "DocsAfterDark Extension (iOS)";
			productName = "DocsAfterDark Extension (iOS)";
			productReference = 34F298C82B3A4960006B0D85 /* DocsAfterDark Extension.appex */;
			productType = "com.apple.product-type.app-extension";
		};
		34F298D12B3A4960006B0D85 /* DocsAfterDark Extension (macOS) */ = {
			isa = PBXNativeTarget;
			buildConfigurationList = 34F298F02B3A4960006B0D85 /* Build configuration list for PBXNativeTarget "DocsAfterDark Extension (macOS)" */;
			buildPhases = (
				34F298CE2B3A4960006B0D85 /* Sources */,
				34F298CF2B3A4960006B0D85 /* Frameworks */,
				34F298D02B3A4960006B0D85 /* Resources */,
			);
			buildRules = (
			);
			dependencies = (
			);
			name = "DocsAfterDark Extension (macOS)";
			productName = "DocsAfterDark Extension (macOS)";
			productReference = 34F298D22B3A4960006B0D85 /* DocsAfterDark Extension.appex */;
			productType = "com.apple.product-type.app-extension";
		};
/* End PBXNativeTarget section */

/* Begin PBXProject section */
		34F298962B3A495F006B0D85 /* Project object */ = {
			isa = PBXProject;
			attributes = {
				BuildIndependentTargetsInParallel = 1;
				LastSwiftUpdateCheck = 1510;
				LastUpgradeCheck = 1510;
				TargetAttributes = {
					34F298A82B3A4960006B0D85 = {
						CreatedOnToolsVersion = 15.1;
					};
					34F298BA2B3A4960006B0D85 = {
						CreatedOnToolsVersion = 15.1;
					};
					34F298C72B3A4960006B0D85 = {
						CreatedOnToolsVersion = 15.1;
					};
					34F298D12B3A4960006B0D85 = {
						CreatedOnToolsVersion = 15.1;
					};
				};
			};
			buildConfigurationList = 34F298992B3A495F006B0D85 /* Build configuration list for PBXProject "DocsAfterDark" */;
			compatibilityVersion = "Xcode 14.0";
			developmentRegion = en;
			hasScannedForEncodings = 0;
			knownRegions = (
				en,
				Base,
			);
			mainGroup = 34F298952B3A495F006B0D85;
			productRefGroup = 34F298AA2B3A4960006B0D85 /* Products */;
			projectDirPath = "";
			projectRoot = "";
			targets = (
				34F298A82B3A4960006B0D85 /* DocsAfterDark (iOS) */,
				34F298BA2B3A4960006B0D85 /* DocsAfterDark (macOS) */,
				34F298C72B3A4960006B0D85 /* DocsAfterDark Extension (iOS) */,
				34F298D12B3A4960006B0D85 /* DocsAfterDark Extension (macOS) */,
			);
		};
/* End PBXProject section */

/* Begin PBXResourcesBuildPhase section */
		34F298A72B3A4960006B0D85 /* Resources */ = {
			isa = PBXResourcesBuildPhase;
			buildActionMask = 2147483647;
			files = (
				34F298DB2B3A4960006B0D85 /* Icon.png in Resources */,
				34F298B22B3A4960006B0D85 /* LaunchScreen.storyboard in Resources */,
				34F298D92B3A4960006B0D85 /* Main.html in Resources */,
				34F298DF2B3A4960006B0D85 /* Script.js in Resources */,
				34F298E32B3A4960006B0D85 /* Assets.xcassets in Resources */,
				34F298B52B3A4960006B0D85 /* Main.storyboard in Resources */,
				34F298DD2B3A4960006B0D85 /* Style.css in Resources */,
			);
			runOnlyForDeploymentPostprocessing = 0;
		};
		34F298B92B3A4960006B0D85 /* Resources */ = {
			isa = PBXResourcesBuildPhase;
			buildActionMask = 2147483647;
			files = (
				34F298DC2B3A4960006B0D85 /* Icon.png in Resources */,
				34F298DE2B3A4960006B0D85 /* Style.css in Resources */,
				34F298C12B3A4960006B0D85 /* Main.storyboard in Resources */,
				34F298E02B3A4960006B0D85 /* Script.js in Resources */,
				34F298E42B3A4960006B0D85 /* Assets.xcassets in Resources */,
				34F298DA2B3A4960006B0D85 /* Main.html in Resources */,
			);
			runOnlyForDeploymentPostprocessing = 0;
		};
		34F298C62B3A4960006B0D85 /* Resources */ = {
			isa = PBXResourcesBuildPhase;
			buildActionMask = 2147483647;
			files = (
				34F299112B3A4960006B0D85 /* dad16.png in Resources */,
				34F299152B3A4960006B0D85 /* dad128.png in Resources */,
				34F2990E2B3A4960006B0D85 /* dad48.png in Resources */,
				34F299102B3A4960006B0D85 /* popup.html in Resources */,
				34F2990F2B3A4960006B0D85 /* popup.js in Resources */,
				34F299172B3A4960006B0D85 /* assets in Resources */,
				34F299162B3A4960006B0D85 /* popup.css in Resources */,
				34F299132B3A4960006B0D85 /* manifest.json in Resources */,
				34F299182B3A4960006B0D85 /* docs.css in Resources */,
				34F299122B3A4960006B0D85 /* default.css in Resources */,
				34F299142B3A4960006B0D85 /* word.js in Resources */,
			);
			runOnlyForDeploymentPostprocessing = 0;
		};
		34F298D02B3A4960006B0D85 /* Resources */ = {
			isa = PBXResourcesBuildPhase;
			buildActionMask = 2147483647;
			files = (
				34F299062B3A4960006B0D85 /* dad16.png in Resources */,
				34F2990A2B3A4960006B0D85 /* dad128.png in Resources */,
				34F299032B3A4960006B0D85 /* dad48.png in Resources */,
				34F299052B3A4960006B0D85 /* popup.html in Resources */,
				34F299042B3A4960006B0D85 /* popup.js in Resources */,
				34F2990C2B3A4960006B0D85 /* assets in Resources */,
				34F2990B2B3A4960006B0D85 /* popup.css in Resources */,
				34F299082B3A4960006B0D85 /* manifest.json in Resources */,
				34F2990D2B3A4960006B0D85 /* docs.css in Resources */,
				34F299072B3A4960006B0D85 /* default.css in Resources */,
				34F299092B3A4960006B0D85 /* word.js in Resources */,
			);
			runOnlyForDeploymentPostprocessing = 0;
		};
/* End PBXResourcesBuildPhase section */

/* Begin PBXSourcesBuildPhase section */
		34F298A52B3A4960006B0D85 /* Sources */ = {
			isa = PBXSourcesBuildPhase;
			buildActionMask = 2147483647;
			files = (
				34F298E12B3A4960006B0D85 /* ViewController.swift in Sources */,
				34F298AD2B3A4960006B0D85 /* AppDelegate.swift in Sources */,
				34F298AF2B3A4960006B0D85 /* SceneDelegate.swift in Sources */,
			);
			runOnlyForDeploymentPostprocessing = 0;
		};
		34F298B72B3A4960006B0D85 /* Sources */ = {
			isa = PBXSourcesBuildPhase;
			buildActionMask = 2147483647;
			files = (
				34F298E22B3A4960006B0D85 /* ViewController.swift in Sources */,
				34F298BE2B3A4960006B0D85 /* AppDelegate.swift in Sources */,
			);
			runOnlyForDeploymentPostprocessing = 0;
		};
		34F298C42B3A4960006B0D85 /* Sources */ = {
			isa = PBXSourcesBuildPhase;
			buildActionMask = 2147483647;
			files = (
				34F298E52B3A4960006B0D85 /* SafariWebExtensionHandler.swift in Sources */,
			);
			runOnlyForDeploymentPostprocessing = 0;
		};
		34F298CE2B3A4960006B0D85 /* Sources */ = {
			isa = PBXSourcesBuildPhase;
			buildActionMask = 2147483647;
			files = (
				34F298E62B3A4960006B0D85 /* SafariWebExtensionHandler.swift in Sources */,
			);
			runOnlyForDeploymentPostprocessing = 0;
		};
/* End PBXSourcesBuildPhase section */

/* Begin PBXTargetDependency section */
		34F298CB2B3A4960006B0D85 /* PBXTargetDependency */ = {
			isa = PBXTargetDependency;
			target = 34F298C72B3A4960006B0D85 /* DocsAfterDark Extension (iOS) */;
			targetProxy = 34F298CA2B3A4960006B0D85 /* PBXContainerItemProxy */;
		};
		34F298D52B3A4960006B0D85 /* PBXTargetDependency */ = {
			isa = PBXTargetDependency;
			target = 34F298D12B3A4960006B0D85 /* DocsAfterDark Extension (macOS) */;
			targetProxy = 34F298D42B3A4960006B0D85 /* PBXContainerItemProxy */;
		};
/* End PBXTargetDependency section */

/* Begin PBXVariantGroup section */
		34F2989C2B3A495F006B0D85 /* Main.html */ = {
			isa = PBXVariantGroup;
			children = (
				34F2989D2B3A495F006B0D85 /* Base */,
			);
			name = Main.html;
			sourceTree = "<group>";
		};
		34F298B02B3A4960006B0D85 /* LaunchScreen.storyboard */ = {
			isa = PBXVariantGroup;
			children = (
				34F298B12B3A4960006B0D85 /* Base */,
			);
			name = LaunchScreen.storyboard;
			sourceTree = "<group>";
		};
		34F298B32B3A4960006B0D85 /* Main.storyboard */ = {
			isa = PBXVariantGroup;
			children = (
				34F298B42B3A4960006B0D85 /* Base */,
			);
			name = Main.storyboard;
			sourceTree = "<group>";
		};
		34F298BF2B3A4960006B0D85 /* Main.storyboard */ = {
			isa = PBXVariantGroup;
			children = (
				34F298C02B3A4960006B0D85 /* Base */,
			);
			name = Main.storyboard;
			sourceTree = "<group>";
		};
/* End PBXVariantGroup section */

/* Begin XCBuildConfiguration section */
		34F298E72B3A4960006B0D85 /* Debug */ = {
			isa = XCBuildConfiguration;
			buildSettings = {
				ALWAYS_SEARCH_USER_PATHS = NO;
				ASSETCATALOG_COMPILER_GENERATE_SWIFT_ASSET_SYMBOL_EXTENSIONS = YES;
				CLANG_ANALYZER_NONNULL = YES;
				CLANG_ANALYZER_NUMBER_OBJECT_CONVERSION = YES_AGGRESSIVE;
				CLANG_CXX_LANGUAGE_STANDARD = "gnu++20";
				CLANG_ENABLE_MODULES = YES;
				CLANG_ENABLE_OBJC_ARC = YES;
				CLANG_ENABLE_OBJC_WEAK = YES;
				CLANG_WARN_BLOCK_CAPTURE_AUTORELEASING = YES;
				CLANG_WARN_BOOL_CONVERSION = YES;
				CLANG_WARN_COMMA = YES;
				CLANG_WARN_CONSTANT_CONVERSION = YES;
				CLANG_WARN_DEPRECATED_OBJC_IMPLEMENTATIONS = YES;
				CLANG_WARN_DIRECT_OBJC_ISA_USAGE = YES_ERROR;
				CLANG_WARN_DOCUMENTATION_COMMENTS = YES;
				CLANG_WARN_EMPTY_BODY = YES;
				CLANG_WARN_ENUM_CONVERSION = YES;
				CLANG_WARN_INFINITE_RECURSION = YES;
				CLANG_WARN_INT_CONVERSION = YES;
				CLANG_WARN_NON_LITERAL_NULL_CONVERSION = YES;
				CLANG_WARN_OBJC_IMPLICIT_RETAIN_SELF = YES;
				CLANG_WARN_OBJC_LITERAL_CONVERSION = YES;
				CLANG_WARN_OBJC_ROOT_CLASS = YES_ERROR;
				CLANG_WARN_QUOTED_INCLUDE_IN_FRAMEWORK_HEADER = YES;
				CLANG_WARN_RANGE_LOOP_ANALYSIS = YES;
				CLANG_WARN_STRICT_PROTOTYPES = YES;
				CLANG_WARN_SUSPICIOUS_MOVE = YES;
				CLANG_WARN_UNGUARDED_AVAILABILITY = YES_AGGRESSIVE;
				CLANG_WARN_UNREACHABLE_CODE = YES;
				CLANG_WARN__DUPLICATE_METHOD_MATCH = YES;
				COPY_PHASE_STRIP = NO;
				DEBUG_INFORMATION_FORMAT = dwarf;
				ENABLE_STRICT_OBJC_MSGSEND = YES;
				ENABLE_TESTABILITY = YES;
				ENABLE_USER_SCRIPT_SANDBOXING = YES;
				GCC_C_LANGUAGE_STANDARD = gnu17;
				GCC_DYNAMIC_NO_PIC = NO;
				GCC_NO_COMMON_BLOCKS = YES;
				GCC_OPTIMIZATION_LEVEL = 0;
				GCC_PREPROCESSOR_DEFINITIONS = (
					"DEBUG=1",
					"$(inherited)",
				);
				GCC_WARN_64_TO_32_BIT_CONVERSION = YES;
				GCC_WARN_ABOUT_RETURN_TYPE = YES_ERROR;
				GCC_WARN_UNDECLARED_SELECTOR = YES;
				GCC_WARN_UNINITIALIZED_AUTOS = YES_AGGRESSIVE;
				GCC_WARN_UNUSED_FUNCTION = YES;
				GCC_WARN_UNUSED_VARIABLE = YES;
				LOCALIZATION_PREFERS_STRING_CATALOGS = YES;
				MTL_ENABLE_DEBUG_INFO = INCLUDE_SOURCE;
				MTL_FAST_MATH = YES;
				ONLY_ACTIVE_ARCH = YES;
				SWIFT_ACTIVE_COMPILATION_CONDITIONS = "DEBUG $(inherited)";
				SWIFT_OPTIMIZATION_LEVEL = "-Onone";
			};
			name = Debug;
		};
		34F298E82B3A4960006B0D85 /* Release */ = {
			isa = XCBuildConfiguration;
			buildSettings = {
				ALWAYS_SEARCH_USER_PATHS = NO;
				ASSETCATALOG_COMPILER_GENERATE_SWIFT_ASSET_SYMBOL_EXTENSIONS = YES;
				CLANG_ANALYZER_NONNULL = YES;
				CLANG_ANALYZER_NUMBER_OBJECT_CONVERSION = YES_AGGRESSIVE;
				CLANG_CXX_LANGUAGE_STANDARD = "gnu++20";
				CLANG_ENABLE_MODULES = YES;
				CLANG_ENABLE_OBJC_ARC = YES;
				CLANG_ENABLE_OBJC_WEAK = YES;
				CLANG_WARN_BLOCK_CAPTURE_AUTORELEASING = YES;
				CLANG_WARN_BOOL_CONVERSION = YES;
				CLANG_WARN_COMMA = YES;
				CLANG_WARN_CONSTANT_CONVERSION = YES;
				CLANG_WARN_DEPRECATED_OBJC_IMPLEMENTATIONS = YES;
				CLANG_WARN_DIRECT_OBJC_ISA_USAGE = YES_ERROR;
				CLANG_WARN_DOCUMENTATION_COMMENTS = YES;
				CLANG_WARN_EMPTY_BODY = YES;
				CLANG_WARN_ENUM_CONVERSION = YES;
				CLANG_WARN_INFINITE_RECURSION = YES;
				CLANG_WARN_INT_CONVERSION = YES;
				CLANG_WARN_NON_LITERAL_NULL_CONVERSION = YES;
				CLANG_WARN_OBJC_IMPLICIT_RETAIN_SELF = YES;
				CLANG_WARN_OBJC_LITERAL_CONVERSION = YES;
				CLANG_WARN_OBJC_ROOT_CLASS = YES_ERROR;
				CLANG_WARN_QUOTED_INCLUDE_IN_FRAMEWORK_HEADER = YES;
				CLANG_WARN_RANGE_LOOP_ANALYSIS = YES;
				CLANG_WARN_STRICT_PROTOTYPES = YES;
				CLANG_WARN_SUSPICIOUS_MOVE = YES;
				CLANG_WARN_UNGUARDED_AVAILABILITY = YES_AGGRESSIVE;
				CLANG_WARN_UNREACHABLE_CODE = YES;
				CLANG_WARN__DUPLICATE_METHOD_MATCH = YES;
				COPY_PHASE_STRIP = NO;
				DEBUG_INFORMATION_FORMAT = "dwarf-with-dsym";
				ENABLE_NS_ASSERTIONS = NO;
				ENABLE_STRICT_OBJC_MSGSEND = YES;
				ENABLE_USER_SCRIPT_SANDBOXING = YES;
				GCC_C_LANGUAGE_STANDARD = gnu17;
				GCC_NO_COMMON_BLOCKS = YES;
				GCC_WARN_64_TO_32_BIT_CONVERSION = YES;
				GCC_WARN_ABOUT_RETURN_TYPE = YES_ERROR;
				GCC_WARN_UNDECLARED_SELECTOR = YES;
				GCC_WARN_UNINITIALIZED_AUTOS = YES_AGGRESSIVE;
				GCC_WARN_UNUSED_FUNCTION = YES;
				GCC_WARN_UNUSED_VARIABLE = YES;
				LOCALIZATION_PREFERS_STRING_CATALOGS = YES;
				MTL_ENABLE_DEBUG_INFO = NO;
				MTL_FAST_MATH = YES;
				SWIFT_COMPILATION_MODE = wholemodule;
			};
			name = Release;
		};
		34F298EA2B3A4960006B0D85 /* Debug */ = {
			isa = XCBuildConfiguration;
			buildSettings = {
				CODE_SIGN_STYLE = Automatic;
				CURRENT_PROJECT_VERSION = 1;
				DEVELOPMENT_TEAM = 56ULVRLK6L;
				GENERATE_INFOPLIST_FILE = YES;
				INFOPLIST_FILE = "iOS (Extension)/Info.plist";
				INFOPLIST_KEY_CFBundleDisplayName = "DocsAfterDark Extension";
				INFOPLIST_KEY_NSHumanReadableCopyright = "";
				IPHONEOS_DEPLOYMENT_TARGET = 15.0;
				LD_RUNPATH_SEARCH_PATHS = (
					"$(inherited)",
					"@executable_path/Frameworks",
					"@executable_path/../../Frameworks",
				);
				MARKETING_VERSION = 1.0;
				OTHER_LDFLAGS = (
					"-framework",
					SafariServices,
				);
				PRODUCT_BUNDLE_IDENTIFIER = com.ajhs.DocsAfterDark.Extension;
				PRODUCT_NAME = "DocsAfterDark Extension";
				SDKROOT = iphoneos;
				SKIP_INSTALL = YES;
				SWIFT_EMIT_LOC_STRINGS = YES;
				SWIFT_VERSION = 5.0;
				TARGETED_DEVICE_FAMILY = "1,2";
			};
			name = Debug;
		};
		34F298EB2B3A4960006B0D85 /* Release */ = {
			isa = XCBuildConfiguration;
			buildSettings = {
				CODE_SIGN_STYLE = Automatic;
				CURRENT_PROJECT_VERSION = 1;
				DEVELOPMENT_TEAM = 56ULVRLK6L;
				GENERATE_INFOPLIST_FILE = YES;
				INFOPLIST_FILE = "iOS (Extension)/Info.plist";
				INFOPLIST_KEY_CFBundleDisplayName = "DocsAfterDark Extension";
				INFOPLIST_KEY_NSHumanReadableCopyright = "";
				IPHONEOS_DEPLOYMENT_TARGET = 15.0;
				LD_RUNPATH_SEARCH_PATHS = (
					"$(inherited)",
					"@executable_path/Frameworks",
					"@executable_path/../../Frameworks",
				);
				MARKETING_VERSION = 1.0;
				OTHER_LDFLAGS = (
					"-framework",
					SafariServices,
				);
				PRODUCT_BUNDLE_IDENTIFIER = com.ajhs.DocsAfterDark.Extension;
				PRODUCT_NAME = "DocsAfterDark Extension";
				SDKROOT = iphoneos;
				SKIP_INSTALL = YES;
				SWIFT_EMIT_LOC_STRINGS = YES;
				SWIFT_VERSION = 5.0;
				TARGETED_DEVICE_FAMILY = "1,2";
				VALIDATE_PRODUCT = YES;
			};
			name = Release;
		};
		34F298EE2B3A4960006B0D85 /* Debug */ = {
			isa = XCBuildConfiguration;
			buildSettings = {
				ALWAYS_EMBED_SWIFT_STANDARD_LIBRARIES = YES;
				ASSETCATALOG_COMPILER_APPICON_NAME = AppIcon;
				ASSETCATALOG_COMPILER_GLOBAL_ACCENT_COLOR_NAME = AccentColor;
				CODE_SIGN_STYLE = Automatic;
				CURRENT_PROJECT_VERSION = 1;
				DEVELOPMENT_TEAM = 56ULVRLK6L;
				GENERATE_INFOPLIST_FILE = YES;
				INFOPLIST_FILE = "iOS (App)/Info.plist";
				INFOPLIST_KEY_CFBundleDisplayName = DocsAfterDark;
				INFOPLIST_KEY_UIApplicationSupportsIndirectInputEvents = YES;
				INFOPLIST_KEY_UILaunchStoryboardName = LaunchScreen;
				INFOPLIST_KEY_UIMainStoryboardFile = Main;
				INFOPLIST_KEY_UISupportedInterfaceOrientations = "UIInterfaceOrientationPortrait UIInterfaceOrientationLandscapeLeft UIInterfaceOrientationLandscapeRight";
				INFOPLIST_KEY_UISupportedInterfaceOrientations_iPad = "UIInterfaceOrientationPortrait UIInterfaceOrientationPortraitUpsideDown UIInterfaceOrientationLandscapeLeft UIInterfaceOrientationLandscapeRight";
				IPHONEOS_DEPLOYMENT_TARGET = 15.0;
				LD_RUNPATH_SEARCH_PATHS = (
					"$(inherited)",
					"@executable_path/Frameworks",
				);
				MARKETING_VERSION = 1.0;
				OTHER_LDFLAGS = (
					"-framework",
					SafariServices,
					"-framework",
					WebKit,
				);
				PRODUCT_BUNDLE_IDENTIFIER = com.ajhs.DocsAfterDark;
				PRODUCT_NAME = DocsAfterDark;
				SDKROOT = iphoneos;
				SWIFT_EMIT_LOC_STRINGS = YES;
				SWIFT_VERSION = 5.0;
				TARGETED_DEVICE_FAMILY = "1,2";
			};
			name = Debug;
		};
		34F298EF2B3A4960006B0D85 /* Release */ = {
			isa = XCBuildConfiguration;
			buildSettings = {
				ALWAYS_EMBED_SWIFT_STANDARD_LIBRARIES = YES;
				ASSETCATALOG_COMPILER_APPICON_NAME = AppIcon;
				ASSETCATALOG_COMPILER_GLOBAL_ACCENT_COLOR_NAME = AccentColor;
				CODE_SIGN_STYLE = Automatic;
				CURRENT_PROJECT_VERSION = 1;
				DEVELOPMENT_TEAM = 56ULVRLK6L;
				GENERATE_INFOPLIST_FILE = YES;
				INFOPLIST_FILE = "iOS (App)/Info.plist";
				INFOPLIST_KEY_CFBundleDisplayName = DocsAfterDark;
				INFOPLIST_KEY_UIApplicationSupportsIndirectInputEvents = YES;
				INFOPLIST_KEY_UILaunchStoryboardName = LaunchScreen;
				INFOPLIST_KEY_UIMainStoryboardFile = Main;
				INFOPLIST_KEY_UISupportedInterfaceOrientations = "UIInterfaceOrientationPortrait UIInterfaceOrientationLandscapeLeft UIInterfaceOrientationLandscapeRight";
				INFOPLIST_KEY_UISupportedInterfaceOrientations_iPad = "UIInterfaceOrientationPortrait UIInterfaceOrientationPortraitUpsideDown UIInterfaceOrientationLandscapeLeft UIInterfaceOrientationLandscapeRight";
				IPHONEOS_DEPLOYMENT_TARGET = 15.0;
				LD_RUNPATH_SEARCH_PATHS = (
					"$(inherited)",
					"@executable_path/Frameworks",
				);
				MARKETING_VERSION = 1.0;
				OTHER_LDFLAGS = (
					"-framework",
					SafariServices,
					"-framework",
					WebKit,
				);
				PRODUCT_BUNDLE_IDENTIFIER = com.ajhs.DocsAfterDark;
				PRODUCT_NAME = DocsAfterDark;
				SDKROOT = iphoneos;
				SWIFT_EMIT_LOC_STRINGS = YES;
				SWIFT_VERSION = 5.0;
				TARGETED_DEVICE_FAMILY = "1,2";
				VALIDATE_PRODUCT = YES;
			};
			name = Release;
		};
		34F298F12B3A4960006B0D85 /* Debug */ = {
			isa = XCBuildConfiguration;
			buildSettings = {
				CODE_SIGN_ENTITLEMENTS = "macOS (Extension)/DocsAfterDark.entitlements";
				CODE_SIGN_STYLE = Automatic;
				CURRENT_PROJECT_VERSION = 1;
				DEVELOPMENT_TEAM = 56ULVRLK6L;
				ENABLE_HARDENED_RUNTIME = YES;
				GENERATE_INFOPLIST_FILE = YES;
				INFOPLIST_FILE = "macOS (Extension)/Info.plist";
				INFOPLIST_KEY_CFBundleDisplayName = "DocsAfterDark Extension";
				INFOPLIST_KEY_NSHumanReadableCopyright = "";
				LD_RUNPATH_SEARCH_PATHS = (
					"$(inherited)",
					"@executable_path/../Frameworks",
					"@executable_path/../../../../Frameworks",
				);
				MACOSX_DEPLOYMENT_TARGET = 10.14;
				MARKETING_VERSION = 1.0;
				OTHER_LDFLAGS = (
					"-framework",
					SafariServices,
				);
				PRODUCT_BUNDLE_IDENTIFIER = com.ajhs.DocsAfterDark.Extension;
				PRODUCT_NAME = "DocsAfterDark Extension";
				SDKROOT = macosx;
				SKIP_INSTALL = YES;
				SWIFT_EMIT_LOC_STRINGS = YES;
				SWIFT_VERSION = 5.0;
			};
			name = Debug;
		};
		34F298F22B3A4960006B0D85 /* Release */ = {
			isa = XCBuildConfiguration;
			buildSettings = {
				CODE_SIGN_ENTITLEMENTS = "macOS (Extension)/DocsAfterDark.entitlements";
				CODE_SIGN_STYLE = Automatic;
				CURRENT_PROJECT_VERSION = 1;
				DEVELOPMENT_TEAM = 56ULVRLK6L;
				ENABLE_HARDENED_RUNTIME = YES;
				GENERATE_INFOPLIST_FILE = YES;
				INFOPLIST_FILE = "macOS (Extension)/Info.plist";
				INFOPLIST_KEY_CFBundleDisplayName = "DocsAfterDark Extension";
				INFOPLIST_KEY_NSHumanReadableCopyright = "";
				LD_RUNPATH_SEARCH_PATHS = (
					"$(inherited)",
					"@executable_path/../Frameworks",
					"@executable_path/../../../../Frameworks",
				);
				MACOSX_DEPLOYMENT_TARGET = 10.14;
				MARKETING_VERSION = 1.0;
				OTHER_LDFLAGS = (
					"-framework",
					SafariServices,
				);
				PRODUCT_BUNDLE_IDENTIFIER = com.ajhs.DocsAfterDark.Extension;
				PRODUCT_NAME = "DocsAfterDark Extension";
				SDKROOT = macosx;
				SKIP_INSTALL = YES;
				SWIFT_EMIT_LOC_STRINGS = YES;
				SWIFT_VERSION = 5.0;
			};
			name = Release;
		};
		34F298F52B3A4960006B0D85 /* Debug */ = {
			isa = XCBuildConfiguration;
			buildSettings = {
				ALWAYS_EMBED_SWIFT_STANDARD_LIBRARIES = YES;
				ASSETCATALOG_COMPILER_APPICON_NAME = AppIcon;
				ASSETCATALOG_COMPILER_GLOBAL_ACCENT_COLOR_NAME = AccentColor;
				CODE_SIGN_ENTITLEMENTS = "macOS (App)/DocsAfterDark.entitlements";
				CODE_SIGN_STYLE = Automatic;
				CURRENT_PROJECT_VERSION = 1;
				DEVELOPMENT_TEAM = 56ULVRLK6L;
				ENABLE_HARDENED_RUNTIME = YES;
				GENERATE_INFOPLIST_FILE = YES;
				INFOPLIST_FILE = "macOS (App)/Info.plist";
				INFOPLIST_KEY_CFBundleDisplayName = DocsAfterDark;
				INFOPLIST_KEY_NSMainStoryboardFile = Main;
				INFOPLIST_KEY_NSPrincipalClass = NSApplication;
				LD_RUNPATH_SEARCH_PATHS = (
					"$(inherited)",
					"@executable_path/../Frameworks",
				);
				MACOSX_DEPLOYMENT_TARGET = 10.14;
				MARKETING_VERSION = 1.0;
				OTHER_LDFLAGS = (
					"-framework",
					SafariServices,
					"-framework",
					WebKit,
				);
				PRODUCT_BUNDLE_IDENTIFIER = com.ajhs.DocsAfterDark;
				PRODUCT_NAME = DocsAfterDark;
				SDKROOT = macosx;
				SWIFT_EMIT_LOC_STRINGS = YES;
				SWIFT_VERSION = 5.0;
			};
			name = Debug;
		};
		34F298F62B3A4960006B0D85 /* Release */ = {
			isa = XCBuildConfiguration;
			buildSettings = {
				ALWAYS_EMBED_SWIFT_STANDARD_LIBRARIES = YES;
				ASSETCATALOG_COMPILER_APPICON_NAME = AppIcon;
				ASSETCATALOG_COMPILER_GLOBAL_ACCENT_COLOR_NAME = AccentColor;
				CODE_SIGN_ENTITLEMENTS = "macOS (App)/DocsAfterDark.entitlements";
				CODE_SIGN_STYLE = Automatic;
				CURRENT_PROJECT_VERSION = 1;
				DEVELOPMENT_TEAM = 56ULVRLK6L;
				ENABLE_HARDENED_RUNTIME = YES;
				GENERATE_INFOPLIST_FILE = YES;
				INFOPLIST_FILE = "macOS (App)/Info.plist";
				INFOPLIST_KEY_CFBundleDisplayName = DocsAfterDark;
				INFOPLIST_KEY_NSMainStoryboardFile = Main;
				INFOPLIST_KEY_NSPrincipalClass = NSApplication;
				LD_RUNPATH_SEARCH_PATHS = (
					"$(inherited)",
					"@executable_path/../Frameworks",
				);
				MACOSX_DEPLOYMENT_TARGET = 10.14;
				MARKETING_VERSION = 1.0;
				OTHER_LDFLAGS = (
					"-framework",
					SafariServices,
					"-framework",
					WebKit,
				);
				PRODUCT_BUNDLE_IDENTIFIER = com.ajhs.DocsAfterDark;
				PRODUCT_NAME = DocsAfterDark;
				SDKROOT = macosx;
				SWIFT_EMIT_LOC_STRINGS = YES;
				SWIFT_VERSION = 5.0;
			};
			name = Release;
		};
/* End XCBuildConfiguration section */

/* Begin XCConfigurationList section */
		34F298992B3A495F006B0D85 /* Build configuration list for PBXProject "DocsAfterDark" */ = {
			isa = XCConfigurationList;
			buildConfigurations = (
				34F298E72B3A4960006B0D85 /* Debug */,
				34F298E82B3A4960006B0D85 /* Release */,
			);
			defaultConfigurationIsVisible = 0;
			defaultConfigurationName = Release;
		};
		34F298E92B3A4960006B0D85 /* Build configuration list for PBXNativeTarget "DocsAfterDark Extension (iOS)" */ = {
			isa = XCConfigurationList;
			buildConfigurations = (
				34F298EA2B3A4960006B0D85 /* Debug */,
				34F298EB2B3A4960006B0D85 /* Release */,
			);
			defaultConfigurationIsVisible = 0;
			defaultConfigurationName = Release;
		};
		34F298ED2B3A4960006B0D85 /* Build configuration list for PBXNativeTarget "DocsAfterDark (iOS)" */ = {
			isa = XCConfigurationList;
			buildConfigurations = (
				34F298EE2B3A4960006B0D85 /* Debug */,
				34F298EF2B3A4960006B0D85 /* Release */,
			);
			defaultConfigurationIsVisible = 0;
			defaultConfigurationName = Release;
		};
		34F298F02B3A4960006B0D85 /* Build configuration list for PBXNativeTarget "DocsAfterDark Extension (macOS)" */ = {
			isa = XCConfigurationList;
			buildConfigurations = (
				34F298F12B3A4960006B0D85 /* Debug */,
				34F298F22B3A4960006B0D85 /* Release */,
			);
			defaultConfigurationIsVisible = 0;
			defaultConfigurationName = Release;
		};
		34F298F42B3A4960006B0D85 /* Build configuration list for PBXNativeTarget "DocsAfterDark (macOS)" */ = {
			isa = XCConfigurationList;
			buildConfigurations = (
				34F298F52B3A4960006B0D85 /* Debug */,
				34F298F62B3A4960006B0D85 /* Release */,
			);
			defaultConfigurationIsVisible = 0;
			defaultConfigurationName = Release;
		};
/* End XCConfigurationList section */
	};
	rootObject = 34F298962B3A495F006B0D85 /* Project object */;
}
